
Microsoft Visual Studio Solution File, Format Version 12.00
# Visual Studio Version 17
VisualStudioVersion = 17.11.35219.272
MinimumVisualStudioVersion = 10.0.40219.1
Project("{FAE04EC0-301F-11D3-BF4B-00C04F79EFBC}") = "CapaPresentacion", "CapaPresentacion\CapaPresentacion.csproj", "{DBF28FDA-6C84-44C4-8D82-CC11B432D201}"
EndProject
Project("{FAE04EC0-301F-11D3-BF4B-00C04F79EFBC}") = "CapaDeDatos", "CapaDeDatos\CapaDeDatos.csproj", "{FCF4C266-E775-42D3-9998-5F3C98EB7B8C}"
EndProject
Project("{FAE04EC0-301F-11D3-BF4B-00C04F79EFBC}") = "CapaDeEntidades", "CapaDeEntidades\CapaDeEntidades.csproj", "{611EB2D3-771B-4B30-B09E-B664AC1901D0}"
EndProject
Project("{FAE04EC0-301F-11D3-BF4B-00C04F79EFBC}") = "CapaDeNegocios", "CapaDeNegocios\CapaDeNegocios.csproj", "{44CC3D2F-379B-4AEF-AF25-0049C2409BBB}"
EndProject
Global
	GlobalSection(SolutionConfigurationPlatforms) = preSolution
		Debug|Any CPU = Debug|Any CPU
		Release|Any CPU = Release|Any CPU
	EndGlobalSection
	GlobalSection(ProjectConfigurationPlatforms) = postSolution
		{DBF28FDA-6C84-44C4-8D82-CC11B432D201}.Debug|Any CPU.ActiveCfg = Debug|Any CPU
		{DBF28FDA-6C84-44C4-8D82-CC11B432D201}.Debug|Any CPU.Build.0 = Debug|Any CPU
		{DBF28FDA-6C84-44C4-8D82-CC11B432D201}.Release|Any CPU.ActiveCfg = Release|Any CPU
		{DBF28FDA-6C84-44C4-8D82-CC11B432D201}.Release|Any CPU.Build.0 = Release|Any CPU
		{FCF4C266-E775-42D3-9998-5F3C98EB7B8C}.Debug|Any CPU.ActiveCfg = Debug|Any CPU
		{FCF4C266-E775-42D3-9998-5F3C98EB7B8C}.Debug|Any CPU.Build.0 = Debug|Any CPU
		{FCF4C266-E775-42D3-9998-5F3C98EB7B8C}.Release|Any CPU.ActiveCfg = Release|Any CPU
		{FCF4C266-E775-42D3-9998-5F3C98EB7B8C}.Release|Any CPU.Build.0 = Release|Any CPU
		{611EB2D3-771B-4B30-B09E-B664AC1901D0}.Debug|Any CPU.ActiveCfg = Debug|Any CPU
		{611EB2D3-771B-4B30-B09E-B664AC1901D0}.Debug|Any CPU.Build.0 = Debug|Any CPU
		{611EB2D3-771B-4B30-B09E-B664AC1901D0}.Release|Any CPU.ActiveCfg = Release|Any CPU
		{611EB2D3-771B-4B30-B09E-B664AC1901D0}.Release|Any CPU.Build.0 = Release|Any CPU
		{44CC3D2F-379B-4AEF-AF25-0049C2409BBB}.Debug|Any CPU.ActiveCfg = Debug|Any CPU
		{44CC3D2F-379B-4AEF-AF25-0049C2409BBB}.Debug|Any CPU.Build.0 = Debug|Any CPU
		{44CC3D2F-379B-4AEF-AF25-0049C2409BBB}.Release|Any CPU.ActiveCfg = Release|Any CPU
		{44CC3D2F-379B-4AEF-AF25-0049C2409BBB}.Release|Any CPU.Build.0 = Release|Any CPU
	EndGlobalSection
	GlobalSection(SolutionProperties) = preSolution
		HideSolutionNode = FALSE
	EndGlobalSection
	GlobalSection(ExtensibilityGlobals) = postSolution
		SolutionGuid = {FE41B5AD-4B68-46A6-9878-C34B5BBDB8CC}
	EndGlobalSection
EndGlobal
